<?xml version="1.0" encoding="utf-8"?>
<Project ToolsVersion="4.0" xmlns="http://schemas.microsoft.com/developer/msbuild/2003">
  <ItemGroup>
    <Filter Include="소스 파일">
      <UniqueIdentifier>{4FC737F1-C7A5-4376-A066-2A32D752A2FF}</UniqueIdentifier>
      <Extensions>cpp;c;cc;cxx;c++;cppm;ixx;def;odl;idl;hpj;bat;asm;asmx</Extensions>
    </Filter>
    <Filter Include="헤더 파일">
      <UniqueIdentifier>{93995380-89BD-4b04-88EB-625FBE52EBFB}</UniqueIdentifier>
      <Extensions>h;hh;hpp;hxx;h++;hm;inl;inc;ipp;xsd</Extensions>
    </Filter>
    <Filter Include="리소스 파일">
      <UniqueIdentifier>{67DA6AB6-F800-4c08-8B7A-83BB121AAD01}</UniqueIdentifier>
      <Extensions>rc;ico;cur;bmp;dlg;rc2;rct;bin;rgs;gif;jpg;jpeg;jpe;resx;tiff;tif;png;wav;mfcribbon-ms</Extensions>
    </Filter>
    <Filter Include="src">
      <UniqueIdentifier>{0db9d9f6-d446-465d-8739-06b0db5f1eca}</UniqueIdentifier>
    </Filter>
    <Filter Include="src\Common">
      <UniqueIdentifier>{3f6c9a18-2930-44a0-b433-4c195052708d}</UniqueIdentifier>
    </Filter>
    <Filter Include="src\Data">
      <UniqueIdentifier>{e44a3ba9-6819-499d-b105-621549cc4f1f}</UniqueIdentifier>
    </Filter>
    <Filter Include="src\IO">
      <UniqueIdentifier>{a2ac83fa-0025-4739-ae19-fbf324b0785a}</UniqueIdentifier>
    </Filter>
    <Filter Include="src\UI">
      <UniqueIdentifier>{ee094fce-84a1-43d1-80eb-ef65f40e747a}</UniqueIdentifier>
    </Filter>
    <Filter Include="src\UIMenu">
      <UniqueIdentifier>{7ab601d9-8e4a-4cab-ac61-d21480e55a5a}</UniqueIdentifier>
    </Filter>
    <Filter Include="src\UIMenu\PersonalDataInput">
      <UniqueIdentifier>{bc74523e-8bc1-4dc8-bd25-2a88a0a9bcf7}</UniqueIdentifier>
    </Filter>
    <Filter Include="src\UIMenu\AddMenu">
      <UniqueIdentifier>{88f5f574-67b9-4d2a-b061-287af0c5037d}</UniqueIdentifier>
    </Filter>
    <Filter Include="src\UIMenu\EditMenu">
      <UniqueIdentifier>{bbfe1c7d-4526-41a7-8acb-92be2859d49e}</UniqueIdentifier>
    </Filter>
    <Filter Include="src\UIMenu\SearchMenu">
      <UniqueIdentifier>{228394a3-cac9-49fd-ae7e-bd8683cdd3fa}</UniqueIdentifier>
    </Filter>
    <Filter Include="src\UIMenu\ViewMenu">
      <UniqueIdentifier>{eea71838-f64e-4ea3-a57e-f8f66dd81156}</UniqueIdentifier>
    </Filter>
  </ItemGroup>
  <ItemGroup>
    <ClCompile Include="src\main.cpp">
      <Filter>src</Filter>
    </ClCompile>
    <ClCompile Include="src\Data\AddressBook.cpp">
      <Filter>src\Data</Filter>
    </ClCompile>
    <ClCompile Include="src\Data\Personal.cpp">
      <Filter>src\Data</Filter>
    </ClCompile>
    <ClCompile Include="src\IO\ErrorPrintHandler.cpp">
      <Filter>src\IO</Filter>
    </ClCompile>
    <ClCompile Include="src\IO\InputHandler.cpp">
      <Filter>src\IO</Filter>
    </ClCompile>
    <ClCompile Include="src\UI\AddressBookUI.cpp">
      <Filter>src\UI</Filter>
    </ClCompile>
    <ClCompile Include="src\UI\OutputPrintHandler.cpp">
      <Filter>src\UI</Filter>
    </ClCompile>
    <ClCompile Include="src\UI\UIOutput.cpp">
      <Filter>src\UI</Filter>
    </ClCompile>
    <ClCompile Include="src\UI\UIPrintHandler.cpp">
      <Filter>src\UI</Filter>
    </ClCompile>
    <ClCompile Include="src\UIMenu\MainMenu.cpp">
      <Filter>src\UIMenu</Filter>
    </ClCompile>
    <ClCompile Include="src\UI\UIUtils.cpp">
      <Filter>src\UI</Filter>
    </ClCompile>
    <ClCompile Include="src\Common\ResultUtils.cpp">
      <Filter>src\Common</Filter>
    </ClCompile>
    <ClCompile Include="src\Common\VariantUtils.cpp">
      <Filter>src\Common</Filter>
    </ClCompile>
    <ClCompile Include="src\UIMenu\DeleteMenu.cpp">
      <Filter>src\UIMenu</Filter>
    </ClCompile>
    <ClCompile Include="src\UIMenu\EditMenu\EditStartState.cpp">
      <Filter>src\UIMenu\EditMenu</Filter>
    </ClCompile>
    <ClCompile Include="src\UIMenu\EditMenu\EditItemState.cpp">
      <Filter>src\UIMenu\EditMenu</Filter>
    </ClCompile>
    <ClCompile Include="src\UIMenu\EditMenu\EditCancelState.cpp">
      <Filter>src\UIMenu\EditMenu</Filter>
    </ClCompile>
    <ClCompile Include="src\UIMenu\PersonalDataInput\InputNameState.cpp">
      <Filter>src\UIMenu\PersonalDataInput</Filter>
    </ClCompile>
    <ClCompile Include="src\UIMenu\PersonalDataInput\InputAddressState.cpp">
      <Filter>src\UIMenu\PersonalDataInput</Filter>
    </ClCompile>
    <ClCompile Include="src\UIMenu\PersonalDataInput\InputEmailState.cpp">
      <Filter>src\UIMenu\PersonalDataInput</Filter>
    </ClCompile>
    <ClCompile Include="src\UIMenu\PersonalDataInput\InputPhoneState.cpp">
      <Filter>src\UIMenu\PersonalDataInput</Filter>
    </ClCompile>
    <ClCompile Include="src\UIMenu\PersonalDataInput\InputZipCodeState.cpp">
      <Filter>src\UIMenu\PersonalDataInput</Filter>
    </ClCompile>
    <ClCompile Include="src\UIMenu\PersonalDataInput\PersonalDataInput.cpp">
      <Filter>src\UIMenu\PersonalDataInput</Filter>
    </ClCompile>
    <ClCompile Include="src\UIMenu\AddMenu\AddMenu.cpp">
      <Filter>src\UIMenu\AddMenu</Filter>
    </ClCompile>
    <ClCompile Include="src\UIMenu\AddMenu\AddAgainState.cpp">
      <Filter>src\UIMenu\AddMenu</Filter>
    </ClCompile>
    <ClCompile Include="src\UIMenu\AddMenu\AddEditStartState.cpp">
      <Filter>src\UIMenu\AddMenu</Filter>
    </ClCompile>
    <ClCompile Include="src\UIMenu\AddMenu\AddInputStartState.cpp">
      <Filter>src\UIMenu\AddMenu</Filter>
    </ClCompile>
    <ClCompile Include="src\UIMenu\AddMenu\AddReviewState.cpp">
      <Filter>src\UIMenu\AddMenu</Filter>
    </ClCompile>
    <ClCompile Include="src\UIMenu\AddMenu\AddSuccessState.cpp">
      <Filter>src\UIMenu\AddMenu</Filter>
    </ClCompile>
    <ClCompile Include="src\UIMenu\AddMenu\AskAddCancelState.cpp">
      <Filter>src\UIMenu\AddMenu</Filter>
    </ClCompile>
    <ClCompile Include="src\UIMenu\EditMenu\EditMenu.cpp">
      <Filter>src\UIMenu\EditMenu</Filter>
    </ClCompile>
    <ClCompile Include="src\UIMenu\SearchMenu\SearchMenu.cpp">
      <Filter>src\UIMenu\SearchMenu</Filter>
    </ClCompile>
    <ClCompile Include="src\UIMenu\SearchMenu\SearchStartState.cpp">
      <Filter>src\UIMenu\SearchMenu</Filter>
    </ClCompile>
    <ClCompile Include="src\UIMenu\SearchMenu\SearchInputDataState.cpp">
      <Filter>src\UIMenu\SearchMenu</Filter>
    </ClCompile>
    <ClCompile Include="src\UIMenu\SearchMenu\SearchResultState.cpp">
      <Filter>src\UIMenu\SearchMenu</Filter>
    </ClCompile>
    <ClCompile Include="src\UIMenu\SearchMenu\SearchEditState.cpp">
      <Filter>src\UIMenu\SearchMenu</Filter>
    </ClCompile>
    <ClCompile Include="src\UIMenu\SearchMenu\SearchEditItemState.cpp">
      <Filter>src\UIMenu\SearchMenu</Filter>
    </ClCompile>
    <ClCompile Include="src\UIMenu\SearchMenu\SearchDeleteState.cpp">
      <Filter>src\UIMenu\SearchMenu</Filter>
    </ClCompile>
    <ClCompile Include="src\UIMenu\SearchMenu\SearchAgainState.cpp">
      <Filter>src\UIMenu\SearchMenu</Filter>
    </ClCompile>
    <ClCompile Include="src\UIMenu\SearchMenu\SearchDeleteItemState.cpp">
      <Filter>src\UIMenu\SearchMenu</Filter>
    </ClCompile>
    <ClCompile Include="src\UIMenu\ViewMenu\ViewMenu.cpp">
      <Filter>src\UIMenu\ViewMenu</Filter>
    </ClCompile>
    <ClCompile Include="src\IO\InputTextUtils.cpp">
      <Filter>src\IO</Filter>
    </ClCompile>
    <ClCompile Include="src\IO\StringInputHandler.cpp">
      <Filter>src\IO</Filter>
    </ClCompile>
    <ClCompile Include="src\IO\InputParser.cpp">
      <Filter>src\IO</Filter>
    </ClCompile>
    <ClCompile Include="src\IO\IntInputHandler.cpp">
      <Filter>src\IO</Filter>
    </ClCompile>
    <ClCompile Include="src\IO\CharInputHandler.cpp">
      <Filter>src\IO</Filter>
    </ClCompile>
    <ClCompile Include="src\UIMenu\SearchMenu\SearchEmptyMenuState.cpp">
      <Filter>src\UIMenu\SearchMenu</Filter>
    </ClCompile>
    <ClCompile Include="src\UIMenu\SearchMenu\SearchModeSelectState.cpp">
      <Filter>src\UIMenu\SearchMenu</Filter>
    </ClCompile>
    <ClCompile Include="src\UIMenu\SearchMenu\SearchModeMenuState.cpp">
      <Filter>src\UIMenu\SearchMenu</Filter>
    </ClCompile>
    <ClCompile Include="src\UIMenu\SearchMenu\SearchEditMenuState.cpp">
      <Filter>소스 파일</Filter>
    </ClCompile>
    <ClCompile Include="src\UIMenu\SearchMenu\SearchDeleteMenuState.cpp">
      <Filter>소스 파일</Filter>
    </ClCompile>
    <ClCompile Include="src\UIMenu\SearchMenu\SearchActionMenuState.cpp">
      <Filter>소스 파일</Filter>
    </ClCompile>
  </ItemGroup>
  <ItemGroup>
    <ClInclude Include="src\Common\DataType.hpp">
      <Filter>src\Common</Filter>
    </ClInclude>
    <ClInclude Include="src\Common\ResultEnums.hpp">
      <Filter>src\Common</Filter>
    </ClInclude>
    <ClInclude Include="src\Common\VariantUtils.hpp">
      <Filter>src\Common</Filter>
    </ClInclude>
    <ClInclude Include="src\Data\AddressBook.hpp">
      <Filter>src\Data</Filter>
    </ClInclude>
    <ClInclude Include="src\Data\Personal.hpp">
      <Filter>src\Data</Filter>
    </ClInclude>
    <ClInclude Include="src\IO\ErrorPrintHandler.hpp">
      <Filter>src\IO</Filter>
    </ClInclude>
    <ClInclude Include="src\IO\InputHandler.hpp">
      <Filter>src\IO</Filter>
    </ClInclude>
    <ClInclude Include="src\UI\AddressBookUI.hpp">
      <Filter>src\UI</Filter>
    </ClInclude>
    <ClInclude Include="src\UI\OutputPrintHandler.hpp">
      <Filter>src\UI</Filter>
    </ClInclude>
    <ClInclude Include="src\UI\UIOutput.hpp">
      <Filter>src\UI</Filter>
    </ClInclude>
    <ClInclude Include="src\UI\UIPrintHandler.hpp">
      <Filter>src\UI</Filter>
    </ClInclude>
    <ClInclude Include="src\UIMenu\MainMenu.hpp">
      <Filter>src\UIMenu</Filter>
    </ClInclude>
    <ClInclude Include="src\UI\UIUtils.hpp">
      <Filter>src\UI</Filter>
    </ClInclude>
    <ClInclude Include="src\UI\UICommonData.hpp">
      <Filter>src\UI</Filter>
    </ClInclude>
    <ClInclude Include="src\UI\UICommonHeader.hpp">
      <Filter>src\UI</Filter>
    </ClInclude>
    <ClInclude Include="src\Common\ResultUtils.hpp">
      <Filter>src\Common</Filter>
    </ClInclude>
    <ClInclude Include="src\UIMenu\DeleteMenu.hpp">
      <Filter>src\UIMenu</Filter>
    </ClInclude>
    <ClInclude Include="src\UIMenu\EditMenu\EditStartState.hpp">
      <Filter>src\UIMenu\EditMenu</Filter>
    </ClInclude>
    <ClInclude Include="src\UIMenu\EditMenu\EditItemState.hpp">
      <Filter>src\UIMenu\EditMenu</Filter>
    </ClInclude>
    <ClInclude Include="src\UIMenu\EditMenu\EditCancelState.hpp">
      <Filter>src\UIMenu\EditMenu</Filter>
    </ClInclude>
    <ClInclude Include="src\UIMenu\EditMenu\IEditState.hpp">
      <Filter>src\UIMenu\EditMenu</Filter>
    </ClInclude>
    <ClInclude Include="src\UIMenu\PersonalDataInput\IDataInputState.hpp">
      <Filter>src\UIMenu\PersonalDataInput</Filter>
    </ClInclude>
    <ClInclude Include="src\UIMenu\PersonalDataInput\InputNameState.hpp">
      <Filter>src\UIMenu\PersonalDataInput</Filter>
    </ClInclude>
    <ClInclude Include="src\UIMenu\PersonalDataInput\InputPhoneState.hpp">
      <Filter>src\UIMenu\PersonalDataInput</Filter>
    </ClInclude>
    <ClInclude Include="src\UIMenu\PersonalDataInput\InputAddressState.hpp">
      <Filter>src\UIMenu\PersonalDataInput</Filter>
    </ClInclude>
    <ClInclude Include="src\UIMenu\PersonalDataInput\InputZipCodeState.hpp">
      <Filter>src\UIMenu\PersonalDataInput</Filter>
    </ClInclude>
    <ClInclude Include="src\UIMenu\PersonalDataInput\InputEmailState.hpp">
      <Filter>src\UIMenu\PersonalDataInput</Filter>
    </ClInclude>
    <ClInclude Include="src\UIMenu\PersonalDataInput\PersonalDataInput.hpp">
      <Filter>src\UIMenu\PersonalDataInput</Filter>
    </ClInclude>
    <ClInclude Include="src\UIMenu\AddMenu\AddMenu.hpp">
      <Filter>src\UIMenu\AddMenu</Filter>
    </ClInclude>
    <ClInclude Include="src\UIMenu\AddMenu\AddAgainState.hpp">
      <Filter>src\UIMenu\AddMenu</Filter>
    </ClInclude>
    <ClInclude Include="src\UIMenu\AddMenu\AddEditStartState.hpp">
      <Filter>src\UIMenu\AddMenu</Filter>
    </ClInclude>
    <ClInclude Include="src\UIMenu\AddMenu\AddInputStartState.hpp">
      <Filter>src\UIMenu\AddMenu</Filter>
    </ClInclude>
    <ClInclude Include="src\UIMenu\AddMenu\AddReviewState.hpp">
      <Filter>src\UIMenu\AddMenu</Filter>
    </ClInclude>
    <ClInclude Include="src\UIMenu\AddMenu\AddSuccessState.hpp">
      <Filter>src\UIMenu\AddMenu</Filter>
    </ClInclude>
    <ClInclude Include="src\UIMenu\AddMenu\AskAddCancelState.hpp">
      <Filter>src\UIMenu\AddMenu</Filter>
    </ClInclude>
    <ClInclude Include="src\UIMenu\AddMenu\IAddState.hpp">
      <Filter>src\UIMenu\AddMenu</Filter>
    </ClInclude>
    <ClInclude Include="src\UIMenu\EditMenu\EditMenu.hpp">
      <Filter>src\UIMenu\EditMenu</Filter>
    </ClInclude>
    <ClInclude Include="src\UIMenu\SearchMenu\SearchMenu.hpp">
      <Filter>src\UIMenu\SearchMenu</Filter>
    </ClInclude>
    <ClInclude Include="src\UIMenu\SearchMenu\ISearchState.hpp">
      <Filter>src\UIMenu\SearchMenu</Filter>
    </ClInclude>
    <ClInclude Include="src\UIMenu\SearchMenu\SearchStartState.hpp">
      <Filter>src\UIMenu\SearchMenu</Filter>
    </ClInclude>
    <ClInclude Include="src\UIMenu\SearchMenu\SearchInputDataState.hpp">
      <Filter>src\UIMenu\SearchMenu</Filter>
    </ClInclude>
    <ClInclude Include="src\UIMenu\SearchMenu\SearchResultState.hpp">
      <Filter>src\UIMenu\SearchMenu</Filter>
    </ClInclude>
    <ClInclude Include="src\UIMenu\SearchMenu\SearchEditState.hpp">
      <Filter>src\UIMenu\SearchMenu</Filter>
    </ClInclude>
    <ClInclude Include="src\UIMenu\SearchMenu\SearchEditItemState.hpp">
      <Filter>src\UIMenu\SearchMenu</Filter>
    </ClInclude>
    <ClInclude Include="src\UIMenu\SearchMenu\SearchDeleteState.hpp">
      <Filter>src\UIMenu\SearchMenu</Filter>
    </ClInclude>
    <ClInclude Include="src\UIMenu\SearchMenu\SearchDeleteItemState.hpp">
      <Filter>src\UIMenu\SearchMenu</Filter>
    </ClInclude>
    <ClInclude Include="src\UIMenu\SearchMenu\SearchAgainState.hpp">
      <Filter>src\UIMenu\SearchMenu</Filter>
    </ClInclude>
    <ClInclude Include="src\UIMenu\ViewMenu\ViewMenu.hpp">
      <Filter>src\UIMenu\ViewMenu</Filter>
    </ClInclude>
    <ClInclude Include="src\IO\InputTextUtils.hpp">
      <Filter>src\IO</Filter>
    </ClInclude>
    <ClInclude Include="src\IO\InputTextSource.hpp">
      <Filter>src\IO</Filter>
    </ClInclude>
    <ClInclude Include="src\IO\StringInputHandler.hpp">
      <Filter>src\IO</Filter>
    </ClInclude>
    <ClInclude Include="src\IO\InputParser.hpp">
      <Filter>src\IO</Filter>
    </ClInclude>
    <ClInclude Include="src\IO\IntInputHandler.hpp">
      <Filter>src\IO</Filter>
    </ClInclude>
    <ClInclude Include="src\Common\RuleEnums.hpp">
      <Filter>src\Common</Filter>
    </ClInclude>
    <ClInclude Include="src\IO\CharInputHandler.hpp">
      <Filter>src\IO</Filter>
    </ClInclude>
    <ClInclude Include="src\UIMenu\SearchMenu\SearchModeSelectState.hpp">
      <Filter>src\UIMenu\SearchMenu</Filter>
    </ClInclude>
    <ClInclude Include="src\UIMenu\SearchMenu\SearchEmptyMenuState.hpp">
      <Filter>src\UIMenu\SearchMenu</Filter>
    </ClInclude>
    <ClInclude Include="src\UIMenu\SearchMenu\SearchModeMenuState.hpp">
      <Filter>src\UIMenu\SearchMenu</Filter>
    </ClInclude>
    <ClInclude Include="src\UIMenu\SearchMenu\SearchEditMenuState.hpp">
      <Filter>src\UIMenu\SearchMenu</Filter>
    </ClInclude>
    <ClInclude Include="src\UIMenu\SearchMenu\SearchDeleteMenuState.hpp">
      <Filter>src\UIMenu\SearchMenu</Filter>
    </ClInclude>
    <ClInclude Include="src\UIMenu\SearchMenu\SearchActionMenuState.hpp">
      <Filter>src\UIMenu\SearchMenu</Filter>
    </ClInclude>
  </ItemGroup>
</Project>